// !$*UTF8*$!
{
	archiveVersion = 1;
	classes = {
	};
	objectVersion = 55;
	objects = {

/* Begin PBXBuildFile section */
		5C387EAC27E1B73200182B2D /* AppDelegate.swift in Sources */ = {isa = PBXBuildFile; fileRef = 5C387EAB27E1B73200182B2D /* AppDelegate.swift */; };
		5C387EAE27E1B73200182B2D /* SceneDelegate.swift in Sources */ = {isa = PBXBuildFile; fileRef = 5C387EAD27E1B73200182B2D /* SceneDelegate.swift */; };
		5C387EB027E1B73200182B2D /* ViewController.swift in Sources */ = {isa = PBXBuildFile; fileRef = 5C387EAF27E1B73200182B2D /* ViewController.swift */; };
		5C387EB327E1B73200182B2D /* Main.storyboard in Resources */ = {isa = PBXBuildFile; fileRef = 5C387EB127E1B73200182B2D /* Main.storyboard */; };
		5C387EB627E1B73200182B2D /* Quote.xcdatamodeld in Sources */ = {isa = PBXBuildFile; fileRef = 5C387EB427E1B73200182B2D /* Quote.xcdatamodeld */; };
		5C387EB827E1B73300182B2D /* Assets.xcassets in Resources */ = {isa = PBXBuildFile; fileRef = 5C387EB727E1B73300182B2D /* Assets.xcassets */; };
		5C387EBB27E1B73300182B2D /* LaunchScreen.storyboard in Resources */ = {isa = PBXBuildFile; fileRef = 5C387EB927E1B73300182B2D /* LaunchScreen.storyboard */; };
		5C387EC627E1B73300182B2D /* QuoteTests.swift in Sources */ = {isa = PBXBuildFile; fileRef = 5C387EC527E1B73300182B2D /* QuoteTests.swift */; };
		5C387ED027E1B73300182B2D /* QuoteUITests.swift in Sources */ = {isa = PBXBuildFile; fileRef = 5C387ECF27E1B73300182B2D /* QuoteUITests.swift */; };
		5C387ED227E1B73300182B2D /* QuoteUITestsLaunchTests.swift in Sources */ = {isa = PBXBuildFile; fileRef = 5C387ED127E1B73300182B2D /* QuoteUITestsLaunchTests.swift */; };
/* End PBXBuildFile section */

/* Begin PBXContainerItemProxy section */
		5C387EC227E1B73300182B2D /* PBXContainerItemProxy */ = {
			isa = PBXContainerItemProxy;
			containerPortal = 5C387EA027E1B73200182B2D /* Project object */;
			proxyType = 1;
			remoteGlobalIDString = 5C387EA727E1B73200182B2D;
			remoteInfo = Quote;
		};
		5C387ECC27E1B73300182B2D /* PBXContainerItemProxy */ = {
			isa = PBXContainerItemProxy;
			containerPortal = 5C387EA027E1B73200182B2D /* Project object */;
			proxyType = 1;
			remoteGlobalIDString = 5C387EA727E1B73200182B2D;
			remoteInfo = Quote;
		};
/* End PBXContainerItemProxy section */

/* Begin PBXFileReference section */
		5C387EA827E1B73200182B2D /* Quote.app */ = {isa = PBXFileReference; explicitFileType = wrapper.application; includeInIndex = 0; path = Quote.app; sourceTree = BUILT_PRODUCTS_DIR; };
		5C387EAB27E1B73200182B2D /* AppDelegate.swift */ = {isa = PBXFileReference; lastKnownFileType = sourcecode.swift; path = AppDelegate.swift; sourceTree = "<group>"; };
		5C387EAD27E1B73200182B2D /* SceneDelegate.swift */ = {isa = PBXFileReference; lastKnownFileType = sourcecode.swift; path = SceneDelegate.swift; sourceTree = "<group>"; };
		5C387EAF27E1B73200182B2D /* ViewController.swift */ = {isa = PBXFileReference; lastKnownFileType = sourcecode.swift; path = ViewController.swift; sourceTree = "<group>"; };
		5C387EB227E1B73200182B2D /* Base */ = {isa = PBXFileReference; lastKnownFileType = file.storyboard; name = Base; path = Base.lproj/Main.storyboard; sourceTree = "<group>"; };
		5C387EB527E1B73200182B2D /* Quote.xcdatamodel */ = {isa = PBXFileReference; lastKnownFileType = wrapper.xcdatamodel; path = Quote.xcdatamodel; sourceTree = "<group>"; };
		5C387EB727E1B73300182B2D /* Assets.xcassets */ = {isa = PBXFileReference; lastKnownFileType = folder.assetcatalog; path = Assets.xcassets; sourceTree = "<group>"; };
		5C387EBA27E1B73300182B2D /* Base */ = {isa = PBXFileReference; lastKnownFileType = file.storyboard; name = Base; path = Base.lproj/LaunchScreen.storyboard; sourceTree = "<group>"; };
		5C387EBC27E1B73300182B2D /* Info.plist */ = {isa = PBXFileReference; lastKnownFileType = text.plist.xml; path = Info.plist; sourceTree = "<group>"; };
		5C387EC127E1B73300182B2D /* QuoteTests.xctest */ = {isa = PBXFileReference; explicitFileType = wrapper.cfbundle; includeInIndex = 0; path = QuoteTests.xctest; sourceTree = BUILT_PRODUCTS_DIR; };
		5C387EC527E1B73300182B2D /* QuoteTests.swift */ = {isa = PBXFileReference; lastKnownFileType = sourcecode.swift; path = QuoteTests.swift; sourceTree = "<group>"; };
		5C387ECB27E1B73300182B2D /* QuoteUITests.xctest */ = {isa = PBXFileReference; explicitFileType = wrapper.cfbundle; includeInIndex = 0; path = QuoteUITests.xctest; sourceTree = BUILT_PRODUCTS_DIR; };
		5C387ECF27E1B73300182B2D /* QuoteUITests.swift */ = {isa = PBXFileReference; lastKnownFileType = sourcecode.swift; path = QuoteUITests.swift; sourceTree = "<group>"; };
		5C387ED127E1B73300182B2D /* QuoteUITestsLaunchTests.swift */ = {isa = PBXFileReference; lastKnownFileType = sourcecode.swift; path = QuoteUITestsLaunchTests.swift; sourceTree = "<group>"; };
/* End PBXFileReference section */

/* Begin PBXFrameworksBuildPhase section */
		5C387EA527E1B73200182B2D /* Frameworks */ = {
			isa = PBXFrameworksBuildPhase;
			buildActionMask = 2147483647;
			files = (
			);
			runOnlyForDeploymentPostprocessing = 0;
		};
		5C387EBE27E1B73300182B2D /* Frameworks */ = {
			isa = PBXFrameworksBuildPhase;
			buildActionMask = 2147483647;
			files = (
			);
			runOnlyForDeploymentPostprocessing = 0;
		};
		5C387EC827E1B73300182B2D /* Frameworks */ = {
			isa = PBXFrameworksBuildPhase;
			buildActionMask = 2147483647;
			files = (
			);
			runOnlyForDeploymentPostprocessing = 0;
		};
/* End PBXFrameworksBuildPhase section */

/* Begin PBXGroup section */
		5C387E9F27E1B73200182B2D = {
			isa = PBXGroup;
			children = (
				5C387EAA27E1B73200182B2D /* Quote */,
				5C387EC427E1B73300182B2D /* QuoteTests */,
				5C387ECE27E1B73300182B2D /* QuoteUITests */,
				5C387EA927E1B73200182B2D /* Products */,
			);
			sourceTree = "<group>";
		};
		5C387EA927E1B73200182B2D /* Products */ = {
			isa = PBXGroup;
			children = (
				5C387EA827E1B73200182B2D /* Quote.app */,
				5C387EC127E1B73300182B2D /* QuoteTests.xctest */,
				5C387ECB27E1B73300182B2D /* QuoteUITests.xctest */,
			);
			name = Products;
			sourceTree = "<group>";
		};
		5C387EAA27E1B73200182B2D /* Quote */ = {
			isa = PBXGroup;
			children = (
				5C387EAB27E1B73200182B2D /* AppDelegate.swift */,
				5C387EAD27E1B73200182B2D /* SceneDelegate.swift */,
				5C387EAF27E1B73200182B2D /* ViewController.swift */,
				5C387EB127E1B73200182B2D /* Main.storyboard */,
				5C387EB727E1B73300182B2D /* Assets.xcassets */,
				5C387EB927E1B73300182B2D /* LaunchScreen.storyboard */,
				5C387EBC27E1B73300182B2D /* Info.plist */,
				5C387EB427E1B73200182B2D /* Quote.xcdatamodeld */,
			);
			path = Quote;
			sourceTree = "<group>";
		};
		5C387EC427E1B73300182B2D /* QuoteTests */ = {
			isa = PBXGroup;
			children = (
				5C387EC527E1B73300182B2D /* QuoteTests.swift */,
			);
			path = QuoteTests;
			sourceTree = "<group>";
		};
		5C387ECE27E1B73300182B2D /* QuoteUITests */ = {
			isa = PBXGroup;
			children = (
				5C387ECF27E1B73300182B2D /* QuoteUITests.swift */,
				5C387ED127E1B73300182B2D /* QuoteUITestsLaunchTests.swift */,
			);
			path = QuoteUITests;
			sourceTree = "<group>";
		};
/* End PBXGroup section */

/* Begin PBXNativeTarget section */
		5C387EA727E1B73200182B2D /* Quote */ = {
			isa = PBXNativeTarget;
			buildConfigurationList = 5C387ED527E1B73300182B2D /* Build configuration list for PBXNativeTarget "Quote" */;
			buildPhases = (
				5C387EA427E1B73200182B2D /* Sources */,
				5C387EA527E1B73200182B2D /* Frameworks */,
				5C387EA627E1B73200182B2D /* Resources */,
			);
			buildRules = (
			);
			dependencies = (
			);
			name = Quote;
			productName = Quote;
			productReference = 5C387EA827E1B73200182B2D /* Quote.app */;
			productType = "com.apple.product-type.application";
		};
		5C387EC027E1B73300182B2D /* QuoteTests */ = {
			isa = PBXNativeTarget;
			buildConfigurationList = 5C387ED827E1B73300182B2D /* Build configuration list for PBXNativeTarget "QuoteTests" */;
			buildPhases = (
				5C387EBD27E1B73300182B2D /* Sources */,
				5C387EBE27E1B73300182B2D /* Frameworks */,
				5C387EBF27E1B73300182B2D /* Resources */,
			);
			buildRules = (
			);
			dependencies = (
				5C387EC327E1B73300182B2D /* PBXTargetDependency */,
			);
			name = QuoteTests;
			productName = QuoteTests;
			productReference = 5C387EC127E1B73300182B2D /* QuoteTests.xctest */;
			productType = "com.apple.product-type.bundle.unit-test";
		};
		5C387ECA27E1B73300182B2D /* QuoteUITests */ = {
			isa = PBXNativeTarget;
			buildConfigurationList = 5C387EDB27E1B73300182B2D /* Build configuration list for PBXNativeTarget "QuoteUITests" */;
			buildPhases = (
				5C387EC727E1B73300182B2D /* Sources */,
				5C387EC827E1B73300182B2D /* Frameworks */,
				5C387EC927E1B73300182B2D /* Resources */,
			);
			buildRules = (
			);
			dependencies = (
				5C387ECD27E1B73300182B2D /* PBXTargetDependency */,
			);
			name = QuoteUITests;
			productName = QuoteUITests;
			productReference = 5C387ECB27E1B73300182B2D /* QuoteUITests.xctest */;
			productType = "com.apple.product-type.bundle.ui-testing";
		};
/* End PBXNativeTarget section */

/* Begin PBXProject section */
		5C387EA027E1B73200182B2D /* Project object */ = {
			isa = PBXProject;
			attributes = {
				BuildIndependentTargetsInParallel = 1;
				LastSwiftUpdateCheck = 1330;
				LastUpgradeCheck = 1330;
				TargetAttributes = {
					5C387EA727E1B73200182B2D = {
						CreatedOnToolsVersion = 13.3;
					};
					5C387EC027E1B73300182B2D = {
						CreatedOnToolsVersion = 13.3;
						TestTargetID = 5C387EA727E1B73200182B2D;
					};
					5C387ECA27E1B73300182B2D = {
						CreatedOnToolsVersion = 13.3;
						TestTargetID = 5C387EA727E1B73200182B2D;
					};
				};
			};
			buildConfigurationList = 5C387EA327E1B73200182B2D /* Build configuration list for PBXProject "Quote" */;
			compatibilityVersion = "Xcode 13.0";
			developmentRegion = en;
			hasScannedForEncodings = 0;
			knownRegions = (
				en,
				Base,
			);
			mainGroup = 5C387E9F27E1B73200182B2D;
			productRefGroup = 5C387EA927E1B73200182B2D /* Products */;
			projectDirPath = "";
			projectRoot = "";
			targets = (
				5C387EA727E1B73200182B2D /* Quote */,
				5C387EC027E1B73300182B2D /* QuoteTests */,
				5C387ECA27E1B73300182B2D /* QuoteUITests */,
			);
		};
/* End PBXProject section */

/* Begin PBXResourcesBuildPhase section */
		5C387EA627E1B73200182B2D /* Resources */ = {
			isa = PBXResourcesBuildPhase;
			buildActionMask = 2147483647;
			files = (
				5C387EBB27E1B73300182B2D /* LaunchScreen.storyboard in Resources */,
				5C387EB827E1B73300182B2D /* Assets.xcassets in Resources */,
				5C387EB327E1B73200182B2D /* Main.storyboard in Resources */,
			);
			runOnlyForDeploymentPostprocessing = 0;
		};
		5C387EBF27E1B73300182B2D /* Resources */ = {
			isa = PBXResourcesBuildPhase;
			buildActionMask = 2147483647;
			files = (
			);
			runOnlyForDeploymentPostprocessing = 0;
		};
		5C387EC927E1B73300182B2D /* Resources */ = {
			isa = PBXResourcesBuildPhase;
			buildActionMask = 2147483647;
			files = (
			);
			runOnlyForDeploymentPostprocessing = 0;
		};
/* End PBXResourcesBuildPhase section */

/* Begin PBXSourcesBuildPhase section */
		5C387EA427E1B73200182B2D /* Sources */ = {
			isa = PBXSourcesBuildPhase;
			buildActionMask = 2147483647;
			files = (
				5C387EB627E1B73200182B2D /* Quote.xcdatamodeld in Sources */,
				5C387EB027E1B73200182B2D /* ViewController.swift in Sources */,
				5C387EAC27E1B73200182B2D /* AppDelegate.swift in Sources */,
				5C387EAE27E1B73200182B2D /* SceneDelegate.swift in Sources */,
			);
			runOnlyForDeploymentPostprocessing = 0;
		};
		5C387EBD27E1B73300182B2D /* Sources */ = {
			isa = PBXSourcesBuildPhase;
			buildActionMask = 2147483647;
			files = (
				5C387EC627E1B73300182B2D /* QuoteTests.swift in Sources */,
			);
			runOnlyForDeploymentPostprocessing = 0;
		};
		5C387EC727E1B73300182B2D /* Sources */ = {
			isa = PBXSourcesBuildPhase;
			buildActionMask = 2147483647;
			files = (
				5C387ED027E1B73300182B2D /* QuoteUITests.swift in Sources */,
				5C387ED227E1B73300182B2D /* QuoteUITestsLaunchTests.swift in Sources */,
			);
			runOnlyForDeploymentPostprocessing = 0;
		};
/* End PBXSourcesBuildPhase section */

/* Begin PBXTargetDependency section */
		5C387EC327E1B73300182B2D /* PBXTargetDependency */ = {
			isa = PBXTargetDependency;
			target = 5C387EA727E1B73200182B2D /* Quote */;
			targetProxy = 5C387EC227E1B73300182B2D /* PBXContainerItemProxy */;
		};
		5C387ECD27E1B73300182B2D /* PBXTargetDependency */ = {
			isa = PBXTargetDependency;
			target = 5C387EA727E1B73200182B2D /* Quote */;
			targetProxy = 5C387ECC27E1B73300182B2D /* PBXContainerItemProxy */;
		};
/* End PBXTargetDependency section */

/* Begin PBXVariantGroup section */
		5C387EB127E1B73200182B2D /* Main.storyboard */ = {
			isa = PBXVariantGroup;
			children = (
				5C387EB227E1B73200182B2D /* Base */,
			);
			name = Main.storyboard;
			sourceTree = "<group>";
		};
		5C387EB927E1B73300182B2D /* LaunchScreen.storyboard */ = {
			isa = PBXVariantGroup;
			children = (
				5C387EBA27E1B73300182B2D /* Base */,
			);
			name = LaunchScreen.storyboard;
			sourceTree = "<group>";
		};
/* End PBXVariantGroup section */

/* Begin XCBuildConfiguration section */
		5C387ED327E1B73300182B2D /* Debug */ = {
			isa = XCBuildConfiguration;
			buildSettings = {
				ALWAYS_SEARCH_USER_PATHS = NO;
				CLANG_ANALYZER_NONNULL = YES;
				CLANG_ANALYZER_NUMBER_OBJECT_CONVERSION = YES_AGGRESSIVE;
				CLANG_CXX_LANGUAGE_STANDARD = "gnu++17";
				CLANG_ENABLE_MODULES = YES;
				CLANG_ENABLE_OBJC_ARC = YES;
				CLANG_ENABLE_OBJC_WEAK = YES;
				CLANG_WARN_BLOCK_CAPTURE_AUTORELEASING = YES;
				CLANG_WARN_BOOL_CONVERSION = YES;
				CLANG_WARN_COMMA = YES;
				CLANG_WARN_CONSTANT_CONVERSION = YES;
				CLANG_WARN_DEPRECATED_OBJC_IMPLEMENTATIONS = YES;
				CLANG_WARN_DIRECT_OBJC_ISA_USAGE = YES_ERROR;
				CLANG_WARN_DOCUMENTATION_COMMENTS = YES;
				CLANG_WARN_EMPTY_BODY = YES;
				CLANG_WARN_ENUM_CONVERSION = YES;
				CLANG_WARN_INFINITE_RECURSION = YES;
				CLANG_WARN_INT_CONVERSION = YES;
				CLANG_WARN_NON_LITERAL_NULL_CONVERSION = YES;
				CLANG_WARN_OBJC_IMPLICIT_RETAIN_SELF = YES;
				CLANG_WARN_OBJC_LITERAL_CONVERSION = YES;
				CLANG_WARN_OBJC_ROOT_CLASS = YES_ERROR;
				CLANG_WARN_QUOTED_INCLUDE_IN_FRAMEWORK_HEADER = YES;
				CLANG_WARN_RANGE_LOOP_ANALYSIS = YES;
				CLANG_WARN_STRICT_PROTOTYPES = YES;
				CLANG_WARN_SUSPICIOUS_MOVE = YES;
				CLANG_WARN_UNGUARDED_AVAILABILITY = YES_AGGRESSIVE;
				CLANG_WARN_UNREACHABLE_CODE = YES;
				CLANG_WARN__DUPLICATE_METHOD_MATCH = YES;
				COPY_PHASE_STRIP = NO;
				DEBUG_INFORMATION_FORMAT = dwarf;
				ENABLE_STRICT_OBJC_MSGSEND = YES;
				ENABLE_TESTABILITY = YES;
				GCC_C_LANGUAGE_STANDARD = gnu11;
				GCC_DYNAMIC_NO_PIC = NO;
				GCC_NO_COMMON_BLOCKS = YES;
				GCC_OPTIMIZATION_LEVEL = 0;
				GCC_PREPROCESSOR_DEFINITIONS = (
					"DEBUG=1",
					"$(inherited)",
				);
				GCC_WARN_64_TO_32_BIT_CONVERSION = YES;
				GCC_WARN_ABOUT_RETURN_TYPE = YES_ERROR;
				GCC_WARN_UNDECLARED_SELECTOR = YES;
				GCC_WARN_UNINITIALIZED_AUTOS = YES_AGGRESSIVE;
				GCC_WARN_UNUSED_FUNCTION = YES;
				GCC_WARN_UNUSED_VARIABLE = YES;
				IPHONEOS_DEPLOYMENT_TARGET = 15.4;
				MTL_ENABLE_DEBUG_INFO = INCLUDE_SOURCE;
				MTL_FAST_MATH = YES;
				ONLY_ACTIVE_ARCH = YES;
				SDKROOT = iphoneos;
				SWIFT_ACTIVE_COMPILATION_CONDITIONS = DEBUG;
				SWIFT_OPTIMIZATION_LEVEL = "-Onone";
			};
			name = Debug;
		};
		5C387ED427E1B73300182B2D /* Release */ = {
			isa = XCBuildConfiguration;
			buildSettings = {
				ALWAYS_SEARCH_USER_PATHS = NO;
				CLANG_ANALYZER_NONNULL = YES;
				CLANG_ANALYZER_NUMBER_OBJECT_CONVERSION = YES_AGGRESSIVE;
				CLANG_CXX_LANGUAGE_STANDARD = "gnu++17";
				CLANG_ENABLE_MODULES = YES;
				CLANG_ENABLE_OBJC_ARC = YES;
				CLANG_ENABLE_OBJC_WEAK = YES;
				CLANG_WARN_BLOCK_CAPTURE_AUTORELEASING = YES;
				CLANG_WARN_BOOL_CONVERSION = YES;
				CLANG_WARN_COMMA = YES;
				CLANG_WARN_CONSTANT_CONVERSION = YES;
				CLANG_WARN_DEPRECATED_OBJC_IMPLEMENTATIONS = YES;
				CLANG_WARN_DIRECT_OBJC_ISA_USAGE = YES_ERROR;
				CLANG_WARN_DOCUMENTATION_COMMENTS = YES;
				CLANG_WARN_EMPTY_BODY = YES;
				CLANG_WARN_ENUM_CONVERSION = YES;
				CLANG_WARN_INFINITE_RECURSION = YES;
				CLANG_WARN_INT_CONVERSION = YES;
				CLANG_WARN_NON_LITERAL_NULL_CONVERSION = YES;
				CLANG_WARN_OBJC_IMPLICIT_RETAIN_SELF = YES;
				CLANG_WARN_OBJC_LITERAL_CONVERSION = YES;
				CLANG_WARN_OBJC_ROOT_CLASS = YES_ERROR;
				CLANG_WARN_QUOTED_INCLUDE_IN_FRAMEWORK_HEADER = YES;
				CLANG_WARN_RANGE_LOOP_ANALYSIS = YES;
				CLANG_WARN_STRICT_PROTOTYPES = YES;
				CLANG_WARN_SUSPICIOUS_MOVE = YES;
				CLANG_WARN_UNGUARDED_AVAILABILITY = YES_AGGRESSIVE;
				CLANG_WARN_UNREACHABLE_CODE = YES;
				CLANG_WARN__DUPLICATE_METHOD_MATCH = YES;
				COPY_PHASE_STRIP = NO;
				DEBUG_INFORMATION_FORMAT = "dwarf-with-dsym";
				ENABLE_NS_ASSERTIONS = NO;
				ENABLE_STRICT_OBJC_MSGSEND = YES;
				GCC_C_LANGUAGE_STANDARD = gnu11;
				GCC_NO_COMMON_BLOCKS = YES;
				GCC_WARN_64_TO_32_BIT_CONVERSION = YES;
				GCC_WARN_ABOUT_RETURN_TYPE = YES_ERROR;
				GCC_WARN_UNDECLARED_SELECTOR = YES;
				GCC_WARN_UNINITIALIZED_AUTOS = YES_AGGRESSIVE;
				GCC_WARN_UNUSED_FUNCTION = YES;
				GCC_WARN_UNUSED_VARIABLE = YES;
				IPHONEOS_DEPLOYMENT_TARGET = 15.4;
				MTL_ENABLE_DEBUG_INFO = NO;
				MTL_FAST_MATH = YES;
				SDKROOT = iphoneos;
				SWIFT_COMPILATION_MODE = wholemodule;
				SWIFT_OPTIMIZATION_LEVEL = "-O";
				VALIDATE_PRODUCT = YES;
			};
			name = Release;
		};
		5C387ED627E1B73300182B2D /* Debug */ = {
			isa = XCBuildConfiguration;
			buildSettings = {
				ASSETCATALOG_COMPILER_APPICON_NAME = AppIcon;
				ASSETCATALOG_COMPILER_GLOBAL_ACCENT_COLOR_NAME = AccentColor;
				CODE_SIGN_STYLE = Automatic;
				CURRENT_PROJECT_VERSION = 1;
				DEVELOPMENT_TEAM = R22Q4ZQ7UY;
				GENERATE_INFOPLIST_FILE = YES;
				INFOPLIST_FILE = Quote/Info.plist;
				INFOPLIST_KEY_UIApplicationSupportsIndirectInputEvents = YES;
				INFOPLIST_KEY_UILaunchStoryboardName = LaunchScreen;
				INFOPLIST_KEY_UIMainStoryboardFile = Main;
				INFOPLIST_KEY_UISupportedInterfaceOrientations_iPad = "UIInterfaceOrientationPortrait UIInterfaceOrientationPortraitUpsideDown UIInterfaceOrientationLandscapeLeft UIInterfaceOrientationLandscapeRight";
				INFOPLIST_KEY_UISupportedInterfaceOrientations_iPhone = "UIInterfaceOrientationPortrait UIInterfaceOrientationLandscapeLeft UIInterfaceOrientationLandscapeRight";
				LD_RUNPATH_SEARCH_PATHS = (
					"$(inherited)",
					"@executable_path/Frameworks",
				);
				MARKETING_VERSION = 1.0;
				PRODUCT_BUNDLE_IDENTIFIER = "Users-changhunkim-Desktop-ios.Quote";
				PRODUCT_NAME = "$(TARGET_NAME)";
				SWIFT_EMIT_LOC_STRINGS = YES;
				SWIFT_VERSION = 5.0;
				TARGETED_DEVICE_FAMILY = "1,2";
			};
			name = Debug;
		};
		5C387ED727E1B73300182B2D /* Release */ = {
			isa = XCBuildConfiguration;
			buildSettings = {
				ASSETCATALOG_COMPILER_APPICON_NAME = AppIcon;
				ASSETCATALOG_COMPILER_GLOBAL_ACCENT_COLOR_NAME = AccentColor;
				CODE_SIGN_STYLE = Automatic;
				CURRENT_PROJECT_VERSION = 1;
				DEVELOPMENT_TEAM = R22Q4ZQ7UY;
				GENERATE_INFOPLIST_FILE = YES;
				INFOPLIST_FILE = Quote/Info.plist;
				INFOPLIST_KEY_UIApplicationSupportsIndirectInputEvents = YES;
				INFOPLIST_KEY_UILaunchStoryboardName = LaunchScreen;
				INFOPLIST_KEY_UIMainStoryboardFile = Main;
				INFOPLIST_KEY_UISupportedInterfaceOrientations_iPad = "UIInterfaceOrientationPortrait UIInterfaceOrientationPortraitUpsideDown UIInterfaceOrientationLandscapeLeft UIInterfaceOrientationLandscapeRight";
				INFOPLIST_KEY_UISupportedInterfaceOrientations_iPhone = "UIInterfaceOrientationPortrait UIInterfaceOrientationLandscapeLeft UIInterfaceOrientationLandscapeRight";
				LD_RUNPATH_SEARCH_PATHS = (
					"$(inherited)",
					"@executable_path/Frameworks",
				);
				MARKETING_VERSION = 1.0;
				PRODUCT_BUNDLE_IDENTIFIER = "Users-changhunkim-Desktop-ios.Quote";
				PRODUCT_NAME = "$(TARGET_NAME)";
				SWIFT_EMIT_LOC_STRINGS = YES;
				SWIFT_VERSION = 5.0;
				TARGETED_DEVICE_FAMILY = "1,2";
			};
			name = Release;
		};
		5C387ED927E1B73300182B2D /* Debug */ = {
			isa = XCBuildConfiguration;
			buildSettings = {
				ALWAYS_EMBED_SWIFT_STANDARD_LIBRARIES = YES;
				BUNDLE_LOADER = "$(TEST_HOST)";
				CODE_SIGN_STYLE = Automatic;
				CURRENT_PROJECT_VERSION = 1;
				DEVELOPMENT_TEAM = R22Q4ZQ7UY;
				GENERATE_INFOPLIST_FILE = YES;
				IPHONEOS_DEPLOYMENT_TARGET = 15.4;
				MARKETING_VERSION = 1.0;
				PRODUCT_BUNDLE_IDENTIFIER = "Users-changhunkim-Desktop-ios.QuoteTests";
				PRODUCT_NAME = "$(TARGET_NAME)";
				SWIFT_EMIT_LOC_STRINGS = NO;
				SWIFT_VERSION = 5.0;
				TARGETED_DEVICE_FAMILY = "1,2";
				TEST_HOST = "$(BUILT_PRODUCTS_DIR)/Quote.app/Quote";
			};
			name = Debug;
		};
		5C387EDA27E1B73300182B2D /* Release */ = {
			isa = XCBuildConfiguration;
			buildSettings = {
				ALWAYS_EMBED_SWIFT_STANDARD_LIBRARIES = YES;
				BUNDLE_LOADER = "$(TEST_HOST)";
				CODE_SIGN_STYLE = Automatic;
				CURRENT_PROJECT_VERSION = 1;
				DEVELOPMENT_TEAM = R22Q4ZQ7UY;
				GENERATE_INFOPLIST_FILE = YES;
				IPHONEOS_DEPLOYMENT_TARGET = 15.4;
				MARKETING_VERSION = 1.0;
				PRODUCT_BUNDLE_IDENTIFIER = "Users-changhunkim-Desktop-ios.QuoteTests";
				PRODUCT_NAME = "$(TARGET_NAME)";
				SWIFT_EMIT_LOC_STRINGS = NO;
				SWIFT_VERSION = 5.0;
				TARGETED_DEVICE_FAMILY = "1,2";
				TEST_HOST = "$(BUILT_PRODUCTS_DIR)/Quote.app/Quote";
			};
			name = Release;
		};
		5C387EDC27E1B73300182B2D /* Debug */ = {
			isa = XCBuildConfiguration;
			buildSettings = {
				ALWAYS_EMBED_SWIFT_STANDARD_LIBRARIES = YES;
				CODE_SIGN_STYLE = Automatic;
				CURRENT_PROJECT_VERSION = 1;
				DEVELOPMENT_TEAM = R22Q4ZQ7UY;
				GENERATE_INFOPLIST_FILE = YES;
				MARKETING_VERSION = 1.0;
				PRODUCT_BUNDLE_IDENTIFIER = "Users-changhunkim-Desktop-ios.QuoteUITests";
				PRODUCT_NAME = "$(TARGET_NAME)";
				SWIFT_EMIT_LOC_STRINGS = NO;
				SWIFT_VERSION = 5.0;
				TARGETED_DEVICE_FAMILY = "1,2";
				TEST_TARGET_NAME = Quote;
			};
			name = Debug;
		};
		5C387EDD27E1B73300182B2D /* Release */ = {
			isa = XCBuildConfiguration;
			buildSettings = {
				ALWAYS_EMBED_SWIFT_STANDARD_LIBRARIES = YES;
				CODE_SIGN_STYLE = Automatic;
				CURRENT_PROJECT_VERSION = 1;
				DEVELOPMENT_TEAM = R22Q4ZQ7UY;
				GENERATE_INFOPLIST_FILE = YES;
				MARKETING_VERSION = 1.0;
				PRODUCT_BUNDLE_IDENTIFIER = "Users-changhunkim-Desktop-ios.QuoteUITests";
				PRODUCT_NAME = "$(TARGET_NAME)";
				SWIFT_EMIT_LOC_STRINGS = NO;
				SWIFT_VERSION = 5.0;
				TARGETED_DEVICE_FAMILY = "1,2";
				TEST_TARGET_NAME = Quote;
			};
			name = Release;
		};
/* End XCBuildConfiguration section */

/* Begin XCConfigurationList section */
		5C387EA327E1B73200182B2D /* Build configuration list for PBXProject "Quote" */ = {
			isa = XCConfigurationList;
			buildConfigurations = (
				5C387ED327E1B73300182B2D /* Debug */,
				5C387ED427E1B73300182B2D /* Release */,
			);
			defaultConfigurationIsVisible = 0;
			defaultConfigurationName = Release;
		};
		5C387ED527E1B73300182B2D /* Build configuration list for PBXNativeTarget "Quote" */ = {
			isa = XCConfigurationList;
			buildConfigurations = (
				5C387ED627E1B73300182B2D /* Debug */,
				5C387ED727E1B73300182B2D /* Release */,
			);
			defaultConfigurationIsVisible = 0;
			defaultConfigurationName = Release;
		};
		5C387ED827E1B73300182B2D /* Build configuration list for PBXNativeTarget "QuoteTests" */ = {
			isa = XCConfigurationList;
			buildConfigurations = (
				5C387ED927E1B73300182B2D /* Debug */,
				5C387EDA27E1B73300182B2D /* Release */,
			);
			defaultConfigurationIsVisible = 0;
			defaultConfigurationName = Release;
		};
		5C387EDB27E1B73300182B2D /* Build configuration list for PBXNativeTarget "QuoteUITests" */ = {
			isa = XCConfigurationList;
			buildConfigurations = (
				5C387EDC27E1B73300182B2D /* Debug */,
				5C387EDD27E1B73300182B2D /* Release */,
			);
			defaultConfigurationIsVisible = 0;
			defaultConfigurationName = Release;
		};
/* End XCConfigurationList section */

/* Begin XCVersionGroup section */
		5C387EB427E1B73200182B2D /* Quote.xcdatamodeld */ = {
			isa = XCVersionGroup;
			children = (
				5C387EB527E1B73200182B2D /* Quote.xcdatamodel */,
			);
			currentVersion = 5C387EB527E1B73200182B2D /* Quote.xcdatamodel */;
			path = Quote.xcdatamodeld;
			sourceTree = "<group>";
			versionGroupType = wrapper.xcdatamodel;
		};
/* End XCVersionGroup section */
	};
	rootObject = 5C387EA027E1B73200182B2D /* Project object */;
}
